{
  "name": "powering-ai-atlas",
  "version": "1.0.0",
  "lockfileVersion": 3,
  "requires": true,
  "packages": {
    "": {
      "name": "powering-ai-atlas",
      "version": "1.0.0",
      "license": "ISC",
      "dependencies": {
        "d3-geo": "^3.1.1",
        "playwright-core": "^1.62.1",
        "taiwan-atlas": "^2021.9.20",
        "topojson-client": "^3.1.0"
      }
    },
    "node_modules/commander": {
      "version": "2.20.3",
      "resolved": "https://registry.npmjs.org/commander/-/commander-2.20.3.tgz",
      "integrity": "sha512-GpVkmM8vF2vQUkj2LvZmD35JxeJOLCwJ9cUkugyk2nuhbv3+mJvpLYYt+0+USMxE+oj+ey/lJEnhZw75x/OMcQ==",
      "license": "MIT"
    },
    "node_modules/d3-array": {
      "version": "3.2.4",
      "resolved": "https://registry.npmjs.org/d3-array/-/d3-array-3.2.4.tgz",
      "integrity": "sha512-tdQAmyA18i4J7wprpYq8ClcxZy3SC31QMeByyCFyRt7BVHdREQZ5lpzoe5mFEYZUWe+oq8HBvk9JjpibyEV4Jg==",
      "license": "ISC",
      "dependencies": {
        "internmap": "1 - 2"
      },
      "engines": {
        "node": ">=12"
      }
    },
    "node_modules/d3-geo": {
      "version": "3.1.1",
      "resolved": "https://registry.npmjs.org/d3-geo/-/d3-geo-3.1.1.tgz",
      "integrity": "sha512-637ln3gXKXOwhalDzinUgY83KzNWZRKbYubaG+fGVuc/dxO64RRljtCTnf5ecMyE1RIdtqpkVcq0IbtU2S8j2Q==",
      "license": "ISC",
      "dependencies": {
        "d3-array": "2.5.0 - 3"
      },
      "engines": {
        "node": ">=12"
      }
    },
    "node_modules/d3-path": {
      "version": "2.0.0",
      "resolved": "https://registry.npmjs.org/d3-path/-/d3-path-2.0.0.tgz",
      "integrity": "sha512-ZwZQxKhBnv9yHaiWd6ZU4x5BtCQ7pXszEV9CU6kRgwIQVQGLMv1oiL4M+MK/n79sYzsj+gcgpPQSctJUsLN7fA==",
      "license": "BSD-3-Clause"
    },
    "node_modules/internmap": {
      "version": "2.0.3",
      "resolved": "https://registry.npmjs.org/internmap/-/internmap-2.0.3.tgz",
      "integrity": "sha512-5Hh7Y1wQbvY5ooGgPbDaL5iYLAPzMTUrjMulskHLH6wnv/A+1q5rgEaiuqEjB+oxGXIVZs1FF+R/KPN3ZSQYYg==",
      "license": "ISC",
      "engines": {
        "node": ">=12"
      }
    },
    "node_modules/playwright-core": {
      "version": "1.62.1",
      "resolved": "https://registry.npmjs.org/playwright-core/-/playwright-core-1.62.1.tgz",
      "integrity": "sha512-wPYSwEBJY9GHraISXqyqtx0na0LpO3XEX7jNDhntbex7tzUS7kLnZsOlFruFJB4Hi/rhDMjXGqHewDZ68nYZVw==",
      "license": "Apache-2.0",
      "bin": {
        "playwright-core": "cli.js"
      },
      "engines": {
        "node": ">=20"
      }
    },
    "node_modules/taiwan-atlas": {
      "version": "2021.9.20",
      "resolved": "https://registry.npmjs.org/taiwan-atlas/-/taiwan-atlas-2021.9.20.tgz",
      "integrity": "sha512-FZwzY/JiHwHQe0IqOPltHIKOIGWgPUWshtj6IMd+3pHd4tf+klWPy3wAAeCJePyrltT2mNeqBJhVkNlVDr4p/Q==",
      "license": "MIT",
      "dependencies": {
        "d3-geo": "^2.0.1",
        "d3-path": "^2.0.0"
      }
    },
    "node_modules/taiwan-atlas/node_modules/d3-array": {
      "version": "2.12.1",
      "resolved": "https://registry.npmjs.org/d3-array/-/d3-array-2.12.1.tgz",
      "integrity": "sha512-B0ErZK/66mHtEsR1TkPEEkwdy+WDesimkM5gpZr5Dsg54BiTA5RXtYW5qTLIAcekaS9xfZrzBLF/OAkB3Qn1YQ==",
      "license": "BSD-3-Clause",
      "dependencies": {
        "internmap": "^1.0.0"
      }
    },
    "node_modules/taiwan-atlas/node_modules/d3-geo": {
      "version": "2.0.2",
      "resolved": "https://registry.npmjs.org/d3-geo/-/d3-geo-2.0.2.tgz",
      "integrity": "sha512-8pM1WGMLGFuhq9S+FpPURxic+gKzjluCD/CHTuUF3mXMeiCo0i6R0tO1s4+GArRFde96SLcW/kOFRjoAosPsFA==",
      "license": "BSD-3-Clause",
      "dependencies": {
        "d3-array": "^2.5.0"
      }
    },
    "node_modules/taiwan-atlas/node_modules/internmap": {
      "version": "1.0.1",
      "resolved": "https://registry.npmjs.org/internmap/-/internmap-1.0.1.tgz",
      "integrity": "sha512-lDB5YccMydFBtasVtxnZ3MRBHuaoE8GKsppq+EchKL2U4nK/DmEpPHNH8MZe5HkMtpSiTSOZwfN0tzYjO/lJEw==",
      "license": "ISC"
    },
    "node_modules/topojson-client": {
      "version": "3.1.0",
      "resolved": "https://registry.npmjs.org/topojson-client/-/topojson-client-3.1.0.tgz",
      "integrity": "sha512-605uxS6bcYxGXw9qi62XyrV6Q3xwbndjachmNxu8HWTtVPxZfEJN9fd/SZS1Q54Sn2y0TMyMxFj/cJINqGHrKw==",
      "license": "ISC",
      "dependencies": {
        "commander": "2"
      },
      "bin": {
        "topo2geo": "bin/topo2geo",
        "topomerge": "bin/topomerge",
        "topoquantize": "bin/topoquantize"
      }
    }
  }
}
